// !$*UTF8*$!
{
	archiveVersion = 1;
	classes = {
	};
	objectVersion = 46;
	objects = {

/* Begin PBXBuildFile section */
		A8F594B019C0196D0069CC06 /* Foundation.framework in Frameworks */ = {isa = PBXBuildFile; fileRef = A8F594AF19C0196D0069CC06 /* Foundation.framework */; };
		A8F594B219C0196D0069CC06 /* CoreGraphics.framework in Frameworks */ = {isa = PBXBuildFile; fileRef = A8F594B119C0196D0069CC06 /* CoreGraphics.framework */; };
		A8F594B419C0196D0069CC06 /* UIKit.framework in Frameworks */ = {isa = PBXBuildFile; fileRef = A8F594B319C0196D0069CC06 /* UIKit.framework */; };
		A8F594BA19C0196D0069CC06 /* InfoPlist.strings in Resources */ = {isa = PBXBuildFile; fileRef = A8F594B819C0196D0069CC06 /* InfoPlist.strings */; };
		A8F594BC19C0196D0069CC06 /* main.m in Sources */ = {isa = PBXBuildFile; fileRef = A8F594BB19C0196D0069CC06 /* main.m */; };
		A8F594C019C0196D0069CC06 /* AppDelegate.m in Sources */ = {isa = PBXBuildFile; fileRef = A8F594BF19C0196D0069CC06 /* AppDelegate.m */; };
		A8F594C219C0196D0069CC06 /* Images.xcassets in Resources */ = {isa = PBXBuildFile; fileRef = A8F594C119C0196D0069CC06 /* Images.xcassets */; };
		A8F594C919C0196D0069CC06 /* XCTest.framework in Frameworks */ = {isa = PBXBuildFile; fileRef = A8F594C819C0196D0069CC06 /* XCTest.framework */; };
		A8F594CA19C0196D0069CC06 /* Foundation.framework in Frameworks */ = {isa = PBXBuildFile; fileRef = A8F594AF19C0196D0069CC06 /* Foundation.framework */; };
		A8F594CB19C0196D0069CC06 /* UIKit.framework in Frameworks */ = {isa = PBXBuildFile; fileRef = A8F594B319C0196D0069CC06 /* UIKit.framework */; };
		A8F594D319C0196D0069CC06 /* InfoPlist.strings in Resources */ = {isa = PBXBuildFile; fileRef = A8F594D119C0196D0069CC06 /* InfoPlist.strings */; };
		A8F594D519C0196D0069CC06 /* PickersTests.m in Sources */ = {isa = PBXBuildFile; fileRef = A8F594D419C0196D0069CC06 /* PickersTests.m */; };
		A8F5959B19C056260069CC06 /* LocationViewController.m in Sources */ = {isa = PBXBuildFile; fileRef = A8F5959919C056260069CC06 /* LocationViewController.m */; };
		A8F5959C19C056260069CC06 /* LocationViewController.xib in Resources */ = {isa = PBXBuildFile; fileRef = A8F5959A19C056260069CC06 /* LocationViewController.xib */; };
/* End PBXBuildFile section */

/* Begin PBXContainerItemProxy section */
		A8F594CC19C0196D0069CC06 /* PBXContainerItemProxy */ = {
			isa = PBXContainerItemProxy;
			containerPortal = A8F594A419C0196D0069CC06 /* Project object */;
			proxyType = 1;
			remoteGlobalIDString = A8F594AB19C0196D0069CC06;
			remoteInfo = Pickers;
		};
/* End PBXContainerItemProxy section */

/* Begin PBXFileReference section */
		A8F594AC19C0196D0069CC06 /* Pickers.app */ = {isa = PBXFileReference; explicitFileType = wrapper.application; includeInIndex = 0; path = Pickers.app; sourceTree = BUILT_PRODUCTS_DIR; };
		A8F594AF19C0196D0069CC06 /* Foundation.framework */ = {isa = PBXFileReference; lastKnownFileType = wrapper.framework; name = Foundation.framework; path = System/Library/Frameworks/Foundation.framework; sourceTree = SDKROOT; };
		A8F594B119C0196D0069CC06 /* CoreGraphics.framework */ = {isa = PBXFileReference; lastKnownFileType = wrapper.framework; name = CoreGraphics.framework; path = System/Library/Frameworks/CoreGraphics.framework; sourceTree = SDKROOT; };
		A8F594B319C0196D0069CC06 /* UIKit.framework */ = {isa = PBXFileReference; lastKnownFileType = wrapper.framework; name = UIKit.framework; path = System/Library/Frameworks/UIKit.framework; sourceTree = SDKROOT; };
		A8F594B719C0196D0069CC06 /* Pickers-Info.plist */ = {isa = PBXFileReference; lastKnownFileType = text.plist.xml; path = "Pickers-Info.plist"; sourceTree = "<group>"; };
		A8F594B919C0196D0069CC06 /* en */ = {isa = PBXFileReference; lastKnownFileType = text.plist.strings; name = en; path = en.lproj/InfoPlist.strings; sourceTree = "<group>"; };
		A8F594BB19C0196D0069CC06 /* main.m */ = {isa = PBXFileReference; lastKnownFileType = sourcecode.c.objc; path = main.m; sourceTree = "<group>"; };
		A8F594BD19C0196D0069CC06 /* Pickers-Prefix.pch */ = {isa = PBXFileReference; lastKnownFileType = sourcecode.c.h; path = "Pickers-Prefix.pch"; sourceTree = "<group>"; };
		A8F594BE19C0196D0069CC06 /* AppDelegate.h */ = {isa = PBXFileReference; lastKnownFileType = sourcecode.c.h; path = AppDelegate.h; sourceTree = "<group>"; };
		A8F594BF19C0196D0069CC06 /* AppDelegate.m */ = {isa = PBXFileReference; lastKnownFileType = sourcecode.c.objc; path = AppDelegate.m; sourceTree = "<group>"; };
		A8F594C119C0196D0069CC06 /* Images.xcassets */ = {isa = PBXFileReference; lastKnownFileType = folder.assetcatalog; path = Images.xcassets; sourceTree = "<group>"; };
		A8F594C719C0196D0069CC06 /* PickersTests.xctest */ = {isa = PBXFileReference; explicitFileType = wrapper.cfbundle; includeInIndex = 0; path = PickersTests.xctest; sourceTree = BUILT_PRODUCTS_DIR; };
		A8F594C819C0196D0069CC06 /* XCTest.framework */ = {isa = PBXFileReference; lastKnownFileType = wrapper.framework; name = XCTest.framework; path = Library/Frameworks/XCTest.framework; sourceTree = DEVELOPER_DIR; };
		A8F594D019C0196D0069CC06 /* PickersTests-Info.plist */ = {isa = PBXFileReference; lastKnownFileType = text.plist.xml; path = "PickersTests-Info.plist"; sourceTree = "<group>"; };
		A8F594D219C0196D0069CC06 /* en */ = {isa = PBXFileReference; lastKnownFileType = text.plist.strings; name = en; path = en.lproj/InfoPlist.strings; sourceTree = "<group>"; };
		A8F594D419C0196D0069CC06 /* PickersTests.m */ = {isa = PBXFileReference; lastKnownFileType = sourcecode.c.objc; path = PickersTests.m; sourceTree = "<group>"; };
		A8F5959819C056260069CC06 /* LocationViewController.h */ = {isa = PBXFileReference; fileEncoding = 4; lastKnownFileType = sourcecode.c.h; path = LocationViewController.h; sourceTree = "<group>"; };
		A8F5959919C056260069CC06 /* LocationViewController.m */ = {isa = PBXFileReference; fileEncoding = 4; lastKnownFileType = sourcecode.c.objc; path = LocationViewController.m; sourceTree = "<group>"; };
		A8F5959A19C056260069CC06 /* LocationViewController.xib */ = {isa = PBXFileReference; fileEncoding = 4; lastKnownFileType = file.xib; path = LocationViewController.xib; sourceTree = "<group>"; };
/* End PBXFileReference section */

/* Begin PBXFrameworksBuildPhase section */
		A8F594A919C0196D0069CC06 /* Frameworks */ = {
			isa = PBXFrameworksBuildPhase;
			buildActionMask = 2147483647;
			files = (
				A8F594B219C0196D0069CC06 /* CoreGraphics.framework in Frameworks */,
				A8F594B419C0196D0069CC06 /* UIKit.framework in Frameworks */,
				A8F594B019C0196D0069CC06 /* Foundation.framework in Frameworks */,
			);
			runOnlyForDeploymentPostprocessing = 0;
		};
		A8F594C419C0196D0069CC06 /* Frameworks */ = {
			isa = PBXFrameworksBuildPhase;
			buildActionMask = 2147483647;
			files = (
				A8F594C919C0196D0069CC06 /* XCTest.framework in Frameworks */,
				A8F594CB19C0196D0069CC06 /* UIKit.framework in Frameworks */,
				A8F594CA19C0196D0069CC06 /* Foundation.framework in Frameworks */,
			);
			runOnlyForDeploymentPostprocessing = 0;
		};
/* End PBXFrameworksBuildPhase section */

/* Begin PBXGroup section */
		A8F594A319C0196D0069CC06 = {
			isa = PBXGroup;
			children = (
				A8F5959819C056260069CC06 /* LocationViewController.h */,
				A8F5959919C056260069CC06 /* LocationViewController.m */,
				A8F5959A19C056260069CC06 /* LocationViewController.xib */,
				A8F594B519C0196D0069CC06 /* Pickers */,
				A8F594CE19C0196D0069CC06 /* PickersTests */,
				A8F594AE19C0196D0069CC06 /* Frameworks */,
				A8F594AD19C0196D0069CC06 /* Products */,
			);
			sourceTree = "<group>";
		};
		A8F594AD19C0196D0069CC06 /* Products */ = {
			isa = PBXGroup;
			children = (
				A8F594AC19C0196D0069CC06 /* Pickers.app */,
				A8F594C719C0196D0069CC06 /* PickersTests.xctest */,
			);
			name = Products;
			sourceTree = "<group>";
		};
		A8F594AE19C0196D0069CC06 /* Frameworks */ = {
			isa = PBXGroup;
			children = (
				A8F594AF19C0196D0069CC06 /* Foundation.framework */,
				A8F594B119C0196D0069CC06 /* CoreGraphics.framework */,
				A8F594B319C0196D0069CC06 /* UIKit.framework */,
				A8F594C819C0196D0069CC06 /* XCTest.framework */,
			);
			name = Frameworks;
			sourceTree = "<group>";
		};
		A8F594B519C0196D0069CC06 /* Pickers */ = {
			isa = PBXGroup;
			children = (
				A8F594BE19C0196D0069CC06 /* AppDelegate.h */,
				A8F594BF19C0196D0069CC06 /* AppDelegate.m */,
				A8F594C119C0196D0069CC06 /* Images.xcassets */,
				A8F594B619C0196D0069CC06 /* Supporting Files */,
			);
			path = Pickers;
			sourceTree = "<group>";
		};
		A8F594B619C0196D0069CC06 /* Supporting Files */ = {
			isa = PBXGroup;
			children = (
				A8F594B719C0196D0069CC06 /* Pickers-Info.plist */,
				A8F594B819C0196D0069CC06 /* InfoPlist.strings */,
				A8F594BB19C0196D0069CC06 /* main.m */,
				A8F594BD19C0196D0069CC06 /* Pickers-Prefix.pch */,
			);
			name = "Supporting Files";
			sourceTree = "<group>";
		};
		A8F594CE19C0196D0069CC06 /* PickersTests */ = {
			isa = PBXGroup;
			children = (
				A8F594D419C0196D0069CC06 /* PickersTests.m */,
				A8F594CF19C0196D0069CC06 /* Supporting Files */,
			);
			path = PickersTests;
			sourceTree = "<group>";
		};
		A8F594CF19C0196D0069CC06 /* Supporting Files */ = {
			isa = PBXGroup;
			children = (
				A8F594D019C0196D0069CC06 /* PickersTests-Info.plist */,
				A8F594D119C0196D0069CC06 /* InfoPlist.strings */,
			);
			name = "Supporting Files";
			sourceTree = "<group>";
		};
/* End PBXGroup section */

/* Begin PBXNativeTarget section */
		A8F594AB19C0196D0069CC06 /* Pickers */ = {
			isa = PBXNativeTarget;
			buildConfigurationList = A8F594D819C0196D0069CC06 /* Build configuration list for PBXNativeTarget "Pickers" */;
			buildPhases = (
				A8F594A819C0196D0069CC06 /* Sources */,
				A8F594A919C0196D0069CC06 /* Frameworks */,
				A8F594AA19C0196D0069CC06 /* Resources */,
			);
			buildRules = (
			);
			dependencies = (
			);
			name = Pickers;
			productName = Pickers;
			productReference = A8F594AC19C0196D0069CC06 /* Pickers.app */;
			productType = "com.apple.product-type.application";
		};
		A8F594C619C0196D0069CC06 /* PickersTests */ = {
			isa = PBXNativeTarget;
			buildConfigurationList = A8F594DB19C0196D0069CC06 /* Build configuration list for PBXNativeTarget "PickersTests" */;
			buildPhases = (
				A8F594C319C0196D0069CC06 /* Sources */,
				A8F594C419C0196D0069CC06 /* Frameworks */,
				A8F594C519C0196D0069CC06 /* Resources */,
			);
			buildRules = (
			);
			dependencies = (
				A8F594CD19C0196D0069CC06 /* PBXTargetDependency */,
			);
			name = PickersTests;
			productName = PickersTests;
			productReference = A8F594C719C0196D0069CC06 /* PickersTests.xctest */;
			productType = "com.apple.product-type.bundle.unit-test";
		};
/* End PBXNativeTarget section */

/* Begin PBXProject section */
		A8F594A419C0196D0069CC06 /* Project object */ = {
			isa = PBXProject;
			attributes = {
				LastUpgradeCheck = 0510;
				ORGANIZATIONNAME = Paradigmcreatives;
				TargetAttributes = {
					A8F594C619C0196D0069CC06 = {
						TestTargetID = A8F594AB19C0196D0069CC06;
					};
				};
			};
			buildConfigurationList = A8F594A719C0196D0069CC06 /* Build configuration list for PBXProject "Pickers" */;
			compatibilityVersion = "Xcode 3.2";
			developmentRegion = English;
			hasScannedForEncodings = 0;
			knownRegions = (
				en,
			);
			mainGroup = A8F594A319C0196D0069CC06;
			productRefGroup = A8F594AD19C0196D0069CC06 /* Products */;
			projectDirPath = "";
			projectRoot = "";
			targets = (
				A8F594AB19C0196D0069CC06 /* Pickers */,
				A8F594C619C0196D0069CC06 /* PickersTests */,
			);
		};
/* End PBXProject section */

/* Begin PBXResourcesBuildPhase section */
		A8F594AA19C0196D0069CC06 /* Resources */ = {
			isa = PBXResourcesBuildPhase;
			buildActionMask = 2147483647;
			files = (
				A8F594BA19C0196D0069CC06 /* InfoPlist.strings in Resources */,
				A8F5959C19C056260069CC06 /* LocationViewController.xib in Resources */,
				A8F594C219C0196D0069CC06 /* Images.xcassets in Resources */,
			);
			runOnlyForDeploymentPostprocessing = 0;
		};
		A8F594C519C0196D0069CC06 /* Resources */ = {
			isa = PBXResourcesBuildPhase;
			buildActionMask = 2147483647;
			files = (
				A8F594D319C0196D0069CC06 /* InfoPlist.strings in Resources */,
			);
			runOnlyForDeploymentPostprocessing = 0;
		};
/* End PBXResourcesBuildPhase section */

/* Begin PBXSourcesBuildPhase section */
		A8F594A819C0196D0069CC06 /* Sources */ = {
			isa = PBXSourcesBuildPhase;
			buildActionMask = 2147483647;
			files = (
				A8F594C019C0196D0069CC06 /* AppDelegate.m in Sources */,
				A8F5959B19C056260069CC06 /* LocationViewController.m in Sources */,
				A8F594BC19C0196D0069CC06 /* main.m in Sources */,
			);
			runOnlyForDeploymentPostprocessing = 0;
		};
		A8F594C319C0196D0069CC06 /* Sources */ = {
			isa = PBXSourcesBuildPhase;
			buildActionMask = 2147483647;
			files = (
				A8F594D519C0196D0069CC06 /* PickersTests.m in Sources */,
			);
			runOnlyForDeploymentPostprocessing = 0;
		};
/* End PBXSourcesBuildPhase section */

/* Begin PBXTargetDependency section */
		A8F594CD19C0196D0069CC06 /* PBXTargetDependency */ = {
			isa = PBXTargetDependency;
			target = A8F594AB19C0196D0069CC06 /* Pickers */;
			targetProxy = A8F594CC19C0196D0069CC06 /* PBXContainerItemProxy */;
		};
/* End PBXTargetDependency section */

/* Begin PBXVariantGroup section */
		A8F594B819C0196D0069CC06 /* InfoPlist.strings */ = {
			isa = PBXVariantGroup;
			children = (
				A8F594B919C0196D0069CC06 /* en */,
			);
			name = InfoPlist.strings;
			sourceTree = "<group>";
		};
		A8F594D119C0196D0069CC06 /* InfoPlist.strings */ = {
			isa = PBXVariantGroup;
			children = (
				A8F594D219C0196D0069CC06 /* en */,
			);
			name = InfoPlist.strings;
			sourceTree = "<group>";
		};
/* End PBXVariantGroup section */

/* Begin XCBuildConfiguration section */
		A8F594D619C0196D0069CC06 /* Debug */ = {
			isa = XCBuildConfiguration;
			buildSettings = {
				ALWAYS_SEARCH_USER_PATHS = NO;
				CLANG_CXX_LANGUAGE_STANDARD = "gnu++0x";
				CLANG_CXX_LIBRARY = "libc++";
				CLANG_ENABLE_MODULES = YES;
				CLANG_ENABLE_OBJC_ARC = YES;
				CLANG_WARN_BOOL_CONVERSION = YES;
				CLANG_WARN_CONSTANT_CONVERSION = YES;
				CLANG_WARN_DIRECT_OBJC_ISA_USAGE = YES_ERROR;
				CLANG_WARN_EMPTY_BODY = YES;
				CLANG_WARN_ENUM_CONVERSION = YES;
				CLANG_WARN_INT_CONVERSION = YES;
				CLANG_WARN_OBJC_ROOT_CLASS = YES_ERROR;
				CLANG_WARN__DUPLICATE_METHOD_MATCH = YES;
				"CODE_SIGN_IDENTITY[sdk=iphoneos*]" = "iPhone Developer";
				COPY_PHASE_STRIP = NO;
				GCC_C_LANGUAGE_STANDARD = gnu99;
				GCC_DYNAMIC_NO_PIC = NO;
				GCC_OPTIMIZATION_LEVEL = 0;
				GCC_PREPROCESSOR_DEFINITIONS = (
					"DEBUG=1",
					"$(inherited)",
				);
				GCC_SYMBOLS_PRIVATE_EXTERN = NO;
				GCC_WARN_64_TO_32_BIT_CONVERSION = YES;
				GCC_WARN_ABOUT_RETURN_TYPE = YES_ERROR;
				GCC_WARN_UNDECLARED_SELECTOR = YES;
				GCC_WARN_UNINITIALIZED_AUTOS = YES_AGGRESSIVE;
				GCC_WARN_UNUSED_FUNCTION = YES;
				GCC_WARN_UNUSED_VARIABLE = YES;
				IPHONEOS_DEPLOYMENT_TARGET = 7.1;
				ONLY_ACTIVE_ARCH = YES;
				SDKROOT = iphoneos;
				TARGETED_DEVICE_FAMILY = "1,2";
			};
			name = Debug;
		};
		A8F594D719C0196D0069CC06 /* Release */ = {
			isa = XCBuildConfiguration;
			buildSettings = {
				ALWAYS_SEARCH_USER_PATHS = NO;
				CLANG_CXX_LANGUAGE_STANDARD = "gnu++0x";
				CLANG_CXX_LIBRARY = "libc++";
				CLANG_ENABLE_MODULES = YES;
				CLANG_ENABLE_OBJC_ARC = YES;
				CLANG_WARN_BOOL_CONVERSION = YES;
				CLANG_WARN_CONSTANT_CONVERSION = YES;
				CLANG_WARN_DIRECT_OBJC_ISA_USAGE = YES_ERROR;
				CLANG_WARN_EMPTY_BODY = YES;
				CLANG_WARN_ENUM_CONVERSION = YES;
				CLANG_WARN_INT_CONVERSION = YES;
				CLANG_WARN_OBJC_ROOT_CLASS = YES_ERROR;
				CLANG_WARN__DUPLICATE_METHOD_MATCH = YES;
				"CODE_SIGN_IDENTITY[sdk=iphoneos*]" = "iPhone Developer";
				COPY_PHASE_STRIP = YES;
				ENABLE_NS_ASSERTIONS = NO;
				GCC_C_LANGUAGE_STANDARD = gnu99;
				GCC_WARN_64_TO_32_BIT_CONVERSION = YES;
				GCC_WARN_ABOUT_RETURN_TYPE = YES_ERROR;
				GCC_WARN_UNDECLARED_SELECTOR = YES;
				GCC_WARN_UNINITIALIZED_AUTOS = YES_AGGRESSIVE;
				GCC_WARN_UNUSED_FUNCTION = YES;
				GCC_WARN_UNUSED_VARIABLE = YES;
				IPHONEOS_DEPLOYMENT_TARGET = 7.1;
				SDKROOT = iphoneos;
				TARGETED_DEVICE_FAMILY = "1,2";
				VALIDATE_PRODUCT = YES;
			};
			name = Release;
		};
		A8F594D919C0196D0069CC06 /* Debug */ = {
			isa = XCBuildConfiguration;
			buildSettings = {
				ASSETCATALOG_COMPILER_APPICON_NAME = AppIcon;
				ASSETCATALOG_COMPILER_LAUNCHIMAGE_NAME = LaunchImage;
				GCC_PRECOMPILE_PREFIX_HEADER = YES;
				GCC_PREFIX_HEADER = "Pickers/Pickers-Prefix.pch";
				INFOPLIST_FILE = "Pickers/Pickers-Info.plist";
				PRODUCT_NAME = "$(TARGET_NAME)";
				WRAPPER_EXTENSION = app;
			};
			name = Debug;
		};
		A8F594DA19C0196D0069CC06 /* Release */ = {
			isa = XCBuildConfiguration;
			buildSettings = {
				ASSETCATALOG_COMPILER_APPICON_NAME = AppIcon;
				ASSETCATALOG_COMPILER_LAUNCHIMAGE_NAME = LaunchImage;
				GCC_PRECOMPILE_PREFIX_HEADER = YES;
				GCC_PREFIX_HEADER = "Pickers/Pickers-Prefix.pch";
				INFOPLIST_FILE = "Pickers/Pickers-Info.plist";
				PRODUCT_NAME = "$(TARGET_NAME)";
				WRAPPER_EXTENSION = app;
			};
			name = Release;
		};
		A8F594DC19C0196D0069CC06 /* Debug */ = {
			isa = XCBuildConfiguration;
			buildSettings = {
				BUNDLE_LOADER = "$(BUILT_PRODUCTS_DIR)/Pickers.app/Pickers";
				FRAMEWORK_SEARCH_PATHS = (
					"$(SDKROOT)/Developer/Library/Frameworks",
					"$(inherited)",
					"$(DEVELOPER_FRAMEWORKS_DIR)",
				);
				GCC_PRECOMPILE_PREFIX_HEADER = YES;
				GCC_PREFIX_HEADER = "Pickers/Pickers-Prefix.pch";
				GCC_PREPROCESSOR_DEFINITIONS = (
					"DEBUG=1",
					"$(inherited)",
				);
				INFOPLIST_FILE = "PickersTests/PickersTests-Info.plist";
				PRODUCT_NAME = "$(TARGET_NAME)";
				TEST_HOST = "$(BUNDLE_LOADER)";
				WRAPPER_EXTENSION = xctest;
			};
			name = Debug;
		};
		A8F594DD19C0196D0069CC06 /* Release */ = {
			isa = XCBuildConfiguration;
			buildSettings = {
				BUNDLE_LOADER = "$(BUILT_PRODUCTS_DIR)/Pickers.app/Pickers";
				FRAMEWORK_SEARCH_PATHS = (
					"$(SDKROOT)/Developer/Library/Frameworks",
					"$(inherited)",
					"$(DEVELOPER_FRAMEWORKS_DIR)",
				);
				GCC_PRECOMPILE_PREFIX_HEADER = YES;
				GCC_PREFIX_HEADER = "Pickers/Pickers-Prefix.pch";
				INFOPLIST_FILE = "PickersTests/PickersTests-Info.plist";
				PRODUCT_NAME = "$(TARGET_NAME)";
				TEST_HOST = "$(BUNDLE_LOADER)";
				WRAPPER_EXTENSION = xctest;
			};
			name = Release;
		};
/* End XCBuildConfiguration section */

/* Begin XCConfigurationList section */
		A8F594A719C0196D0069CC06 /* Build configuration list for PBXProject "Pickers" */ = {
			isa = XCConfigurationList;
			buildConfigurations = (
				A8F594D619C0196D0069CC06 /* Debug */,
				A8F594D719C0196D0069CC06 /* Release */,
			);
			defaultConfigurationIsVisible = 0;
			defaultConfigurationName = Release;
		};
		A8F594D819C0196D0069CC06 /* Build configuration list for PBXNativeTarget "Pickers" */ = {
			isa = XCConfigurationList;
			buildConfigurations = (
				A8F594D919C0196D0069CC06 /* Debug */,
				A8F594DA19C0196D0069CC06 /* Release */,
			);
			defaultConfigurationIsVisible = 0;
		};
		A8F594DB19C0196D0069CC06 /* Build configuration list for PBXNativeTarget "PickersTests" */ = {
			isa = XCConfigurationList;
			buildConfigurations = (
				A8F594DC19C0196D0069CC06 /* Debug */,
				A8F594DD19C0196D0069CC06 /* Release */,
			);
			defaultConfigurationIsVisible = 0;
		};
/* End XCConfigurationList section */
	};
	rootObject = A8F594A419C0196D0069CC06 /* Project object */;
}
